
Microsoft Visual Studio Solution File, Format Version 12.00
# Visual Studio Version 17
VisualStudioVersion = 17.1.32210.238
MinimumVisualStudioVersion = 10.0.40219.1
Project("{FAE04EC0-301F-11D3-BF4B-00C04F79EFBC}") = "FilmesAPI", "FILMESAPI\FilmesAPI.csproj", "{A99E2CFB-3892-4C5C-9892-D6767D86F665}"
EndProject
Global
	GlobalSection(SolutionConfigurationPlatforms) = preSolution
		Debug|Any CPU = Debug|Any CPU
		Release|Any CPU = Release|Any CPU
	EndGlobalSection
	GlobalSection(ProjectConfigurationPlatforms) = postSolution
		{A99E2CFB-3892-4C5C-9892-D6767D86F665}.Debug|Any CPU.ActiveCfg = Debug|Any CPU
		{A99E2CFB-3892-4C5C-9892-D6767D86F665}.Debug|Any CPU.Build.0 = Debug|Any CPU
		{A99E2CFB-3892-4C5C-9892-D6767D86F665}.Release|Any CPU.ActiveCfg = Release|Any CPU
		{A99E2CFB-3892-4C5C-9892-D6767D86F665}.Release|Any CPU.Build.0 = Release|Any CPU
	EndGlobalSection
	GlobalSection(SolutionProperties) = preSolution
		HideSolutionNode = FALSE
	EndGlobalSection
	GlobalSection(ExtensibilityGlobals) = postSolution
		SolutionGuid = {5B720143-568D-4DB6-9D7D-10A39C4ADE44}
	EndGlobalSection
EndGlobal
